
Microsoft Visual Studio Solution File, Format Version 12.00
# Visual Studio Version 17
VisualStudioVersion = 17.9.34622.214
MinimumVisualStudioVersion = 10.0.40219.1
Project("{9A19103F-16F7-4668-BE54-9A1E7A4F7556}") = "MM.API", "MM.API\MM.API.csproj", "{9B4BA3C2-10A8-468F-82A1-E0CB19CF756A}"
EndProject
Project("{9A19103F-16F7-4668-BE54-9A1E7A4F7556}") = "MM.DAL", "MM.DAL\MM.DAL.csproj", "{5D0E4524-D26B-429B-9727-5D94F34CA37C}"
EndProject
Project("{FAE04EC0-301F-11D3-BF4B-00C04F79EFBC}") = "MM.BLL", "MM.BLL\MM.BLL.csproj", "{1B2B87FB-9579-4235-9FAC-6C99409B8889}"
EndProject
Project("{FAE04EC0-301F-11D3-BF4B-00C04F79EFBC}") = "MM.Library", "MM.Library\MM.Library.csproj", "{38A4F275-CE0B-4C5B-9CC3-63592AC0FCDC}"
EndProject
Global
	GlobalSection(SolutionConfigurationPlatforms) = preSolution
		Debug|Any CPU = Debug|Any CPU
		Release|Any CPU = Release|Any CPU
	EndGlobalSection
	GlobalSection(ProjectConfigurationPlatforms) = postSolution
		{9B4BA3C2-10A8-468F-82A1-E0CB19CF756A}.Debug|Any CPU.ActiveCfg = Debug|Any CPU
		{9B4BA3C2-10A8-468F-82A1-E0CB19CF756A}.Debug|Any CPU.Build.0 = Debug|Any CPU
		{9B4BA3C2-10A8-468F-82A1-E0CB19CF756A}.Release|Any CPU.ActiveCfg = Release|Any CPU
		{9B4BA3C2-10A8-468F-82A1-E0CB19CF756A}.Release|Any CPU.Build.0 = Release|Any CPU
		{5D0E4524-D26B-429B-9727-5D94F34CA37C}.Debug|Any CPU.ActiveCfg = Debug|Any CPU
		{5D0E4524-D26B-429B-9727-5D94F34CA37C}.Debug|Any CPU.Build.0 = Debug|Any CPU
		{5D0E4524-D26B-429B-9727-5D94F34CA37C}.Release|Any CPU.ActiveCfg = Release|Any CPU
		{5D0E4524-D26B-429B-9727-5D94F34CA37C}.Release|Any CPU.Build.0 = Release|Any CPU
		{1B2B87FB-9579-4235-9FAC-6C99409B8889}.Debug|Any CPU.ActiveCfg = Debug|Any CPU
		{1B2B87FB-9579-4235-9FAC-6C99409B8889}.Debug|Any CPU.Build.0 = Debug|Any CPU
		{1B2B87FB-9579-4235-9FAC-6C99409B8889}.Release|Any CPU.ActiveCfg = Release|Any CPU
		{1B2B87FB-9579-4235-9FAC-6C99409B8889}.Release|Any CPU.Build.0 = Release|Any CPU
		{38A4F275-CE0B-4C5B-9CC3-63592AC0FCDC}.Debug|Any CPU.ActiveCfg = Debug|Any CPU
		{38A4F275-CE0B-4C5B-9CC3-63592AC0FCDC}.Debug|Any CPU.Build.0 = Debug|Any CPU
		{38A4F275-CE0B-4C5B-9CC3-63592AC0FCDC}.Release|Any CPU.ActiveCfg = Release|Any CPU
		{38A4F275-CE0B-4C5B-9CC3-63592AC0FCDC}.Release|Any CPU.Build.0 = Release|Any CPU
	EndGlobalSection
	GlobalSection(SolutionProperties) = preSolution
		HideSolutionNode = FALSE
	EndGlobalSection
	GlobalSection(ExtensibilityGlobals) = postSolution
		SolutionGuid = {E40EC4E6-589B-4A1C-A196-FA39C22D1508}
	EndGlobalSection
EndGlobal
